// !$*UTF8*$!
{
	archiveVersion = 1;
	classes = {
	};
	objectVersion = 56;
	objects = {

/* Begin PBXBuildFile section */
		801AD1FB2A7FBB1200E06F79 /* PlaylistDetailContracts.swift in Sources */ = {isa = PBXBuildFile; fileRef = 801AD1FA2A7FBB1200E06F79 /* PlaylistDetailContracts.swift */; };
		801AD1FD2A7FBB1800E06F79 /* PlaylistDetailBuilder.swift in Sources */ = {isa = PBXBuildFile; fileRef = 801AD1FC2A7FBB1800E06F79 /* PlaylistDetailBuilder.swift */; };
		801AD1FF2A7FBB1E00E06F79 /* PlaylistDetailRouter.swift in Sources */ = {isa = PBXBuildFile; fileRef = 801AD1FE2A7FBB1E00E06F79 /* PlaylistDetailRouter.swift */; };
		801AD2012A7FBB2500E06F79 /* PlaylistDetailInteractor.swift in Sources */ = {isa = PBXBuildFile; fileRef = 801AD2002A7FBB2500E06F79 /* PlaylistDetailInteractor.swift */; };
		801AD2032A7FBB2B00E06F79 /* PlaylistDetailPresenter.swift in Sources */ = {isa = PBXBuildFile; fileRef = 801AD2022A7FBB2B00E06F79 /* PlaylistDetailPresenter.swift */; };
		801AD2072A7FBB3500E06F79 /* PlaylistDetailView.swift in Sources */ = {isa = PBXBuildFile; fileRef = 801AD2062A7FBB3500E06F79 /* PlaylistDetailView.swift */; };
		801AD2092A7FBB3B00E06F79 /* PlaylistDetailController.swift in Sources */ = {isa = PBXBuildFile; fileRef = 801AD2082A7FBB3B00E06F79 /* PlaylistDetailController.swift */; };
		801AD20C2A7FC2D900E06F79 /* Playlist Model.swift in Sources */ = {isa = PBXBuildFile; fileRef = 801AD20B2A7FC2D900E06F79 /* Playlist Model.swift */; };
		801AD2102A80D37B00E06F79 /* AlbumDetailController.swift in Sources */ = {isa = PBXBuildFile; fileRef = 801AD20F2A80D37B00E06F79 /* AlbumDetailController.swift */; };
		801AD2122A80D37F00E06F79 /* AlbumDetailView.swift in Sources */ = {isa = PBXBuildFile; fileRef = 801AD2112A80D37F00E06F79 /* AlbumDetailView.swift */; };
		801AD2142A80D38500E06F79 /* AlbumDetailPresenter.swift in Sources */ = {isa = PBXBuildFile; fileRef = 801AD2132A80D38500E06F79 /* AlbumDetailPresenter.swift */; };
		801AD2162A80D38B00E06F79 /* AlbumDetailInteractor.swift in Sources */ = {isa = PBXBuildFile; fileRef = 801AD2152A80D38B00E06F79 /* AlbumDetailInteractor.swift */; };
		801AD2182A80D39000E06F79 /* AlbumDetailRouter.swift in Sources */ = {isa = PBXBuildFile; fileRef = 801AD2172A80D39000E06F79 /* AlbumDetailRouter.swift */; };
		801AD21A2A80D39800E06F79 /* AlbumDetailContracts.swift in Sources */ = {isa = PBXBuildFile; fileRef = 801AD2192A80D39800E06F79 /* AlbumDetailContracts.swift */; };
		801AD21C2A80D60300E06F79 /* AlbumDetailBuilder.swift in Sources */ = {isa = PBXBuildFile; fileRef = 801AD21B2A80D60300E06F79 /* AlbumDetailBuilder.swift */; };
		801AD21F2A80D87B00E06F79 /* Album Model.swift in Sources */ = {isa = PBXBuildFile; fileRef = 801AD21E2A80D87B00E06F79 /* Album Model.swift */; };
		8025F1CF2A77F64900EA331F /* AppDelegate.swift in Sources */ = {isa = PBXBuildFile; fileRef = 8025F1CE2A77F64900EA331F /* AppDelegate.swift */; };
		8025F1D12A77F64900EA331F /* SceneDelegate.swift in Sources */ = {isa = PBXBuildFile; fileRef = 8025F1D02A77F64900EA331F /* SceneDelegate.swift */; };
		8025F1D82A77F64B00EA331F /* Assets.xcassets in Resources */ = {isa = PBXBuildFile; fileRef = 8025F1D72A77F64B00EA331F /* Assets.xcassets */; };
		8025F1DB2A77F64B00EA331F /* LaunchScreen.storyboard in Resources */ = {isa = PBXBuildFile; fileRef = 8025F1D92A77F64B00EA331F /* LaunchScreen.storyboard */; };
		8025F1E62A77F64B00EA331F /* HarmonyHubTests.swift in Sources */ = {isa = PBXBuildFile; fileRef = 8025F1E52A77F64B00EA331F /* HarmonyHubTests.swift */; };
		8025F1F02A77F64B00EA331F /* HarmonyHubUITests.swift in Sources */ = {isa = PBXBuildFile; fileRef = 8025F1EF2A77F64B00EA331F /* HarmonyHubUITests.swift */; };
		8025F1F22A77F64B00EA331F /* HarmonyHubUITestsLaunchTests.swift in Sources */ = {isa = PBXBuildFile; fileRef = 8025F1F12A77F64B00EA331F /* HarmonyHubUITestsLaunchTests.swift */; };
		8025F2052A77F79700EA331F /* HomeController.swift in Sources */ = {isa = PBXBuildFile; fileRef = 8025F2042A77F79700EA331F /* HomeController.swift */; };
		8025F2072A77F79D00EA331F /* HomeInteractor.swift in Sources */ = {isa = PBXBuildFile; fileRef = 8025F2062A77F79D00EA331F /* HomeInteractor.swift */; };
		8025F2092A77F7A300EA331F /* HomePresenter.swift in Sources */ = {isa = PBXBuildFile; fileRef = 8025F2082A77F7A300EA331F /* HomePresenter.swift */; };
		8025F20B2A77F7A800EA331F /* HomeRouter.swift in Sources */ = {isa = PBXBuildFile; fileRef = 8025F20A2A77F7A800EA331F /* HomeRouter.swift */; };
		8025F20D2A77F7AD00EA331F /* HomeBuilder.swift in Sources */ = {isa = PBXBuildFile; fileRef = 8025F20C2A77F7AD00EA331F /* HomeBuilder.swift */; };
		8025F20F2A77F7B200EA331F /* HomeContracts.swift in Sources */ = {isa = PBXBuildFile; fileRef = 8025F20E2A77F7B200EA331F /* HomeContracts.swift */; };
		8025F2122A77FD7600EA331F /* SnapKit in Frameworks */ = {isa = PBXBuildFile; productRef = 8025F2112A77FD7600EA331F /* SnapKit */; };
		8025F2192A77FFA000EA331F /* MediaCategoryButtonsStackView.swift in Sources */ = {isa = PBXBuildFile; fileRef = 8025F2182A77FFA000EA331F /* MediaCategoryButtonsStackView.swift */; };
		8025F21B2A77FFCC00EA331F /* MediaCategoryButton.swift in Sources */ = {isa = PBXBuildFile; fileRef = 8025F21A2A77FFCC00EA331F /* MediaCategoryButton.swift */; };
		8025F21D2A785D9800EA331F /* TopAlbumCell.swift in Sources */ = {isa = PBXBuildFile; fileRef = 8025F21C2A785D9800EA331F /* TopAlbumCell.swift */; };
		8025F2212A78646900EA331F /* ChartModel.swift in Sources */ = {isa = PBXBuildFile; fileRef = 8025F2202A78646900EA331F /* ChartModel.swift */; };
		8025F2242A7866AB00EA331F /* Kingfisher in Frameworks */ = {isa = PBXBuildFile; productRef = 8025F2232A7866AB00EA331F /* Kingfisher */; };
		8025F2262A786D2000EA331F /* UIImageView+Ext.swift in Sources */ = {isa = PBXBuildFile; fileRef = 8025F2252A786D2000EA331F /* UIImageView+Ext.swift */; };
		8025F2282A78F6D800EA331F /* ArtistsCell.swift in Sources */ = {isa = PBXBuildFile; fileRef = 8025F2272A78F6D800EA331F /* ArtistsCell.swift */; };
		8025F22B2A78FED900EA331F /* Alamofire in Frameworks */ = {isa = PBXBuildFile; productRef = 8025F22A2A78FED900EA331F /* Alamofire */; };
		8025F22D2A79000C00EA331F /* NetworkManager.swift in Sources */ = {isa = PBXBuildFile; fileRef = 8025F22C2A79000C00EA331F /* NetworkManager.swift */; };
		8025F22F2A79013200EA331F /* HttpHelpers.swift in Sources */ = {isa = PBXBuildFile; fileRef = 8025F22E2A79013200EA331F /* HttpHelpers.swift */; };
		8025F2312A790EE100EA331F /* BaseViewController.swift in Sources */ = {isa = PBXBuildFile; fileRef = 8025F2302A790EE100EA331F /* BaseViewController.swift */; };
		8025F2332A790F3100EA331F /* HomeView.swift in Sources */ = {isa = PBXBuildFile; fileRef = 8025F2322A790F3100EA331F /* HomeView.swift */; };
		8025F2352A79121C00EA331F /* HomeTitleLabel.swift in Sources */ = {isa = PBXBuildFile; fileRef = 8025F2342A79121C00EA331F /* HomeTitleLabel.swift */; };
		8025F2372A79137300EA331F /* PopularTracksCell.swift in Sources */ = {isa = PBXBuildFile; fileRef = 8025F2362A79137300EA331F /* PopularTracksCell.swift */; };
		8025F23B2A79249E00EA331F /* EndPoints.swift in Sources */ = {isa = PBXBuildFile; fileRef = 8025F23A2A79249E00EA331F /* EndPoints.swift */; };
		8025F23E2A79282700EA331F /* SearchView.swift in Sources */ = {isa = PBXBuildFile; fileRef = 8025F23D2A79282700EA331F /* SearchView.swift */; };
		8025F2402A79283100EA331F /* SearchController.swift in Sources */ = {isa = PBXBuildFile; fileRef = 8025F23F2A79283100EA331F /* SearchController.swift */; };
		8025F2422A79283600EA331F /* SearchInteractor.swift in Sources */ = {isa = PBXBuildFile; fileRef = 8025F2412A79283600EA331F /* SearchInteractor.swift */; };
		8025F2442A79283F00EA331F /* SearchPresenter.swift in Sources */ = {isa = PBXBuildFile; fileRef = 8025F2432A79283F00EA331F /* SearchPresenter.swift */; };
		8025F2462A79284600EA331F /* SearchRouter.swift in Sources */ = {isa = PBXBuildFile; fileRef = 8025F2452A79284600EA331F /* SearchRouter.swift */; };
		8025F2482A79284E00EA331F /* SearchBuilder.swift in Sources */ = {isa = PBXBuildFile; fileRef = 8025F2472A79284E00EA331F /* SearchBuilder.swift */; };
		8025F24C2A79346900EA331F /* AVFoundation.framework in Frameworks */ = {isa = PBXBuildFile; fileRef = 8025F24B2A79346900EA331F /* AVFoundation.framework */; };
		80401AEE2A84DBCE00380E2F /* Helpers.swift in Sources */ = {isa = PBXBuildFile; fileRef = 80401AED2A84DBCE00380E2F /* Helpers.swift */; };
		80401AF22A895C6000380E2F /* ArtistDetailPresenter.swift in Sources */ = {isa = PBXBuildFile; fileRef = 80401AF12A895C6000380E2F /* ArtistDetailPresenter.swift */; };
		80401AF42A895C6600380E2F /* ArtistDetailInteractor.swift in Sources */ = {isa = PBXBuildFile; fileRef = 80401AF32A895C6600380E2F /* ArtistDetailInteractor.swift */; };
		80401AF62A895C6E00380E2F /* ArtistDetailRouter.swift in Sources */ = {isa = PBXBuildFile; fileRef = 80401AF52A895C6E00380E2F /* ArtistDetailRouter.swift */; };
		80401AF82A895C7400380E2F /* ArtistDetailBuilder.swift in Sources */ = {isa = PBXBuildFile; fileRef = 80401AF72A895C7400380E2F /* ArtistDetailBuilder.swift */; };
		80401AFA2A895C7C00380E2F /* ArtistDetailConstracts.swift in Sources */ = {isa = PBXBuildFile; fileRef = 80401AF92A895C7C00380E2F /* ArtistDetailConstracts.swift */; };
		80401AFC2A895C8600380E2F /* ArtistDetailView.swift in Sources */ = {isa = PBXBuildFile; fileRef = 80401AFB2A895C8600380E2F /* ArtistDetailView.swift */; };
		80401AFE2A895C8C00380E2F /* ArtistDetailController.swift in Sources */ = {isa = PBXBuildFile; fileRef = 80401AFD2A895C8C00380E2F /* ArtistDetailController.swift */; };
		80401B012A8974C800380E2F /* ArtistData.swift in Sources */ = {isa = PBXBuildFile; fileRef = 80401B002A8974C800380E2F /* ArtistData.swift */; };
		80401B042A9E558200380E2F /* ArtistDetailsStackView.swift in Sources */ = {isa = PBXBuildFile; fileRef = 80401B032A9E558200380E2F /* ArtistDetailsStackView.swift */; };
		80401B072A9E55BF00380E2F /* ArtistStatsLabel.swift in Sources */ = {isa = PBXBuildFile; fileRef = 80401B062A9E55BF00380E2F /* ArtistStatsLabel.swift */; };
		806869632A7E66950012368E /* AudioClient.swift in Sources */ = {isa = PBXBuildFile; fileRef = 806869622A7E66950012368E /* AudioClient.swift */; };
		806869662A7E82DE0012368E /* Constants.swift in Sources */ = {isa = PBXBuildFile; fileRef = 806869652A7E82DE0012368E /* Constants.swift */; };
		80973E642AA2223B0049C0B5 /* TrackDetailInteractor.swift in Sources */ = {isa = PBXBuildFile; fileRef = 80973E632AA2223B0049C0B5 /* TrackDetailInteractor.swift */; };
		80973E662AA222440049C0B5 /* TrackDetailPresenter.swift in Sources */ = {isa = PBXBuildFile; fileRef = 80973E652AA222440049C0B5 /* TrackDetailPresenter.swift */; };
		80973E682AA222500049C0B5 /* TrackDetailRouter.swift in Sources */ = {isa = PBXBuildFile; fileRef = 80973E672AA222500049C0B5 /* TrackDetailRouter.swift */; };
		80973E6A2AA222560049C0B5 /* TrackDetailBuilder.swift in Sources */ = {isa = PBXBuildFile; fileRef = 80973E692AA222560049C0B5 /* TrackDetailBuilder.swift */; };
		80973E6C2AA2225D0049C0B5 /* TrackDetailContracts.swift in Sources */ = {isa = PBXBuildFile; fileRef = 80973E6B2AA2225D0049C0B5 /* TrackDetailContracts.swift */; };
		80973E6E2AA222660049C0B5 /* TrackDetailController.swift in Sources */ = {isa = PBXBuildFile; fileRef = 80973E6D2AA222660049C0B5 /* TrackDetailController.swift */; };
		80973E702AA2226B0049C0B5 /* TrackDetailView.swift in Sources */ = {isa = PBXBuildFile; fileRef = 80973E6F2AA2226B0049C0B5 /* TrackDetailView.swift */; };
		80973E732AA225B10049C0B5 /* TrackInformationStackView.swift in Sources */ = {isa = PBXBuildFile; fileRef = 80973E722AA225B10049C0B5 /* TrackInformationStackView.swift */; };
		80973E762AA226D40049C0B5 /* TrackDetail.swift in Sources */ = {isa = PBXBuildFile; fileRef = 80973E752AA226D40049C0B5 /* TrackDetail.swift */; };
		80B76CEF2A7D0EA400FC3CE6 /* SearchConstracts.swift in Sources */ = {isa = PBXBuildFile; fileRef = 80B76CEE2A7D0EA400FC3CE6 /* SearchConstracts.swift */; };
		80B76CF32A7D2E6800FC3CE6 /* SearchResultCell.swift in Sources */ = {isa = PBXBuildFile; fileRef = 80B76CF22A7D2E6800FC3CE6 /* SearchResultCell.swift */; };
		80B76CF82A7D3D8200FC3CE6 /* UITableView+Ext.swift in Sources */ = {isa = PBXBuildFile; fileRef = 80B76CF72A7D3D8200FC3CE6 /* UITableView+Ext.swift */; };
		80F1222A2A7AA3BC0063A0D5 /* String+Ext.swift in Sources */ = {isa = PBXBuildFile; fileRef = 80F122292A7AA3BC0063A0D5 /* String+Ext.swift */; };
		80F122302A7AAC950063A0D5 /* AudioManager.swift in Sources */ = {isa = PBXBuildFile; fileRef = 80F1222F2A7AAC950063A0D5 /* AudioManager.swift */; };
		80F122322A7B06540063A0D5 /* UICollectionView+Ext.swift in Sources */ = {isa = PBXBuildFile; fileRef = 80F122312A7B06540063A0D5 /* UICollectionView+Ext.swift */; };
		80F747712A7BC462001EDB04 /* PlaylistsCell.swift in Sources */ = {isa = PBXBuildFile; fileRef = 80F747702A7BC462001EDB04 /* PlaylistsCell.swift */; };
/* End PBXBuildFile section */

/* Begin PBXContainerItemProxy section */
		8025F1E22A77F64B00EA331F /* PBXContainerItemProxy */ = {
			isa = PBXContainerItemProxy;
			containerPortal = 8025F1C32A77F64900EA331F /* Project object */;
			proxyType = 1;
			remoteGlobalIDString = 8025F1CA2A77F64900EA331F;
			remoteInfo = HarmonyHub;
		};
		8025F1EC2A77F64B00EA331F /* PBXContainerItemProxy */ = {
			isa = PBXContainerItemProxy;
			containerPortal = 8025F1C32A77F64900EA331F /* Project object */;
			proxyType = 1;
			remoteGlobalIDString = 8025F1CA2A77F64900EA331F;
			remoteInfo = HarmonyHub;
		};
/* End PBXContainerItemProxy section */

/* Begin PBXFileReference section */
		801AD1FA2A7FBB1200E06F79 /* PlaylistDetailContracts.swift */ = {isa = PBXFileReference; lastKnownFileType = sourcecode.swift; path = PlaylistDetailContracts.swift; sourceTree = "<group>"; };
		801AD1FC2A7FBB1800E06F79 /* PlaylistDetailBuilder.swift */ = {isa = PBXFileReference; lastKnownFileType = sourcecode.swift; path = PlaylistDetailBuilder.swift; sourceTree = "<group>"; };
		801AD1FE2A7FBB1E00E06F79 /* PlaylistDetailRouter.swift */ = {isa = PBXFileReference; lastKnownFileType = sourcecode.swift; path = PlaylistDetailRouter.swift; sourceTree = "<group>"; };
		801AD2002A7FBB2500E06F79 /* PlaylistDetailInteractor.swift */ = {isa = PBXFileReference; lastKnownFileType = sourcecode.swift; path = PlaylistDetailInteractor.swift; sourceTree = "<group>"; };
		801AD2022A7FBB2B00E06F79 /* PlaylistDetailPresenter.swift */ = {isa = PBXFileReference; lastKnownFileType = sourcecode.swift; path = PlaylistDetailPresenter.swift; sourceTree = "<group>"; };
		801AD2062A7FBB3500E06F79 /* PlaylistDetailView.swift */ = {isa = PBXFileReference; lastKnownFileType = sourcecode.swift; path = PlaylistDetailView.swift; sourceTree = "<group>"; };
		801AD2082A7FBB3B00E06F79 /* PlaylistDetailController.swift */ = {isa = PBXFileReference; lastKnownFileType = sourcecode.swift; path = PlaylistDetailController.swift; sourceTree = "<group>"; };
		801AD20B2A7FC2D900E06F79 /* Playlist Model.swift */ = {isa = PBXFileReference; lastKnownFileType = sourcecode.swift; path = "Playlist Model.swift"; sourceTree = "<group>"; };
		801AD20F2A80D37B00E06F79 /* AlbumDetailController.swift */ = {isa = PBXFileReference; lastKnownFileType = sourcecode.swift; path = AlbumDetailController.swift; sourceTree = "<group>"; };
		801AD2112A80D37F00E06F79 /* AlbumDetailView.swift */ = {isa = PBXFileReference; lastKnownFileType = sourcecode.swift; path = AlbumDetailView.swift; sourceTree = "<group>"; };
		801AD2132A80D38500E06F79 /* AlbumDetailPresenter.swift */ = {isa = PBXFileReference; lastKnownFileType = sourcecode.swift; path = AlbumDetailPresenter.swift; sourceTree = "<group>"; };
		801AD2152A80D38B00E06F79 /* AlbumDetailInteractor.swift */ = {isa = PBXFileReference; lastKnownFileType = sourcecode.swift; path = AlbumDetailInteractor.swift; sourceTree = "<group>"; };
		801AD2172A80D39000E06F79 /* AlbumDetailRouter.swift */ = {isa = PBXFileReference; lastKnownFileType = sourcecode.swift; path = AlbumDetailRouter.swift; sourceTree = "<group>"; };
		801AD2192A80D39800E06F79 /* AlbumDetailContracts.swift */ = {isa = PBXFileReference; lastKnownFileType = sourcecode.swift; path = AlbumDetailContracts.swift; sourceTree = "<group>"; };
		801AD21B2A80D60300E06F79 /* AlbumDetailBuilder.swift */ = {isa = PBXFileReference; lastKnownFileType = sourcecode.swift; path = AlbumDetailBuilder.swift; sourceTree = "<group>"; };
		801AD21E2A80D87B00E06F79 /* Album Model.swift */ = {isa = PBXFileReference; lastKnownFileType = sourcecode.swift; path = "Album Model.swift"; sourceTree = "<group>"; };
		8025F1CB2A77F64900EA331F /* HarmonyHub.app */ = {isa = PBXFileReference; explicitFileType = wrapper.application; includeInIndex = 0; path = HarmonyHub.app; sourceTree = BUILT_PRODUCTS_DIR; };
		8025F1CE2A77F64900EA331F /* AppDelegate.swift */ = {isa = PBXFileReference; lastKnownFileType = sourcecode.swift; path = AppDelegate.swift; sourceTree = "<group>"; };
		8025F1D02A77F64900EA331F /* SceneDelegate.swift */ = {isa = PBXFileReference; lastKnownFileType = sourcecode.swift; path = SceneDelegate.swift; sourceTree = "<group>"; };
		8025F1D72A77F64B00EA331F /* Assets.xcassets */ = {isa = PBXFileReference; lastKnownFileType = folder.assetcatalog; path = Assets.xcassets; sourceTree = "<group>"; };
		8025F1DA2A77F64B00EA331F /* Base */ = {isa = PBXFileReference; lastKnownFileType = file.storyboard; name = Base; path = Base.lproj/LaunchScreen.storyboard; sourceTree = "<group>"; };
		8025F1DC2A77F64B00EA331F /* Info.plist */ = {isa = PBXFileReference; lastKnownFileType = text.plist.xml; path = Info.plist; sourceTree = "<group>"; };
		8025F1E12A77F64B00EA331F /* HarmonyHubTests.xctest */ = {isa = PBXFileReference; explicitFileType = wrapper.cfbundle; includeInIndex = 0; path = HarmonyHubTests.xctest; sourceTree = BUILT_PRODUCTS_DIR; };
		8025F1E52A77F64B00EA331F /* HarmonyHubTests.swift */ = {isa = PBXFileReference; lastKnownFileType = sourcecode.swift; path = HarmonyHubTests.swift; sourceTree = "<group>"; };
		8025F1EB2A77F64B00EA331F /* HarmonyHubUITests.xctest */ = {isa = PBXFileReference; explicitFileType = wrapper.cfbundle; includeInIndex = 0; path = HarmonyHubUITests.xctest; sourceTree = BUILT_PRODUCTS_DIR; };
		8025F1EF2A77F64B00EA331F /* HarmonyHubUITests.swift */ = {isa = PBXFileReference; lastKnownFileType = sourcecode.swift; path = HarmonyHubUITests.swift; sourceTree = "<group>"; };
		8025F1F12A77F64B00EA331F /* HarmonyHubUITestsLaunchTests.swift */ = {isa = PBXFileReference; lastKnownFileType = sourcecode.swift; path = HarmonyHubUITestsLaunchTests.swift; sourceTree = "<group>"; };
		8025F2042A77F79700EA331F /* HomeController.swift */ = {isa = PBXFileReference; lastKnownFileType = sourcecode.swift; path = HomeController.swift; sourceTree = "<group>"; };
		8025F2062A77F79D00EA331F /* HomeInteractor.swift */ = {isa = PBXFileReference; lastKnownFileType = sourcecode.swift; path = HomeInteractor.swift; sourceTree = "<group>"; };
		8025F2082A77F7A300EA331F /* HomePresenter.swift */ = {isa = PBXFileReference; lastKnownFileType = sourcecode.swift; path = HomePresenter.swift; sourceTree = "<group>"; };
		8025F20A2A77F7A800EA331F /* HomeRouter.swift */ = {isa = PBXFileReference; lastKnownFileType = sourcecode.swift; path = HomeRouter.swift; sourceTree = "<group>"; };
		8025F20C2A77F7AD00EA331F /* HomeBuilder.swift */ = {isa = PBXFileReference; lastKnownFileType = sourcecode.swift; path = HomeBuilder.swift; sourceTree = "<group>"; };
		8025F20E2A77F7B200EA331F /* HomeContracts.swift */ = {isa = PBXFileReference; lastKnownFileType = sourcecode.swift; path = HomeContracts.swift; sourceTree = "<group>"; };
		8025F2182A77FFA000EA331F /* MediaCategoryButtonsStackView.swift */ = {isa = PBXFileReference; lastKnownFileType = sourcecode.swift; path = MediaCategoryButtonsStackView.swift; sourceTree = "<group>"; };
		8025F21A2A77FFCC00EA331F /* MediaCategoryButton.swift */ = {isa = PBXFileReference; lastKnownFileType = sourcecode.swift; path = MediaCategoryButton.swift; sourceTree = "<group>"; };
		8025F21C2A785D9800EA331F /* TopAlbumCell.swift */ = {isa = PBXFileReference; lastKnownFileType = sourcecode.swift; path = TopAlbumCell.swift; sourceTree = "<group>"; };
		8025F2202A78646900EA331F /* ChartModel.swift */ = {isa = PBXFileReference; lastKnownFileType = sourcecode.swift; path = ChartModel.swift; sourceTree = "<group>"; };
		8025F2252A786D2000EA331F /* UIImageView+Ext.swift */ = {isa = PBXFileReference; lastKnownFileType = sourcecode.swift; path = "UIImageView+Ext.swift"; sourceTree = "<group>"; };
		8025F2272A78F6D800EA331F /* ArtistsCell.swift */ = {isa = PBXFileReference; lastKnownFileType = sourcecode.swift; path = ArtistsCell.swift; sourceTree = "<group>"; };
		8025F22C2A79000C00EA331F /* NetworkManager.swift */ = {isa = PBXFileReference; lastKnownFileType = sourcecode.swift; path = NetworkManager.swift; sourceTree = "<group>"; };
		8025F22E2A79013200EA331F /* HttpHelpers.swift */ = {isa = PBXFileReference; lastKnownFileType = sourcecode.swift; path = HttpHelpers.swift; sourceTree = "<group>"; };
		8025F2302A790EE100EA331F /* BaseViewController.swift */ = {isa = PBXFileReference; lastKnownFileType = sourcecode.swift; path = BaseViewController.swift; sourceTree = "<group>"; };
		8025F2322A790F3100EA331F /* HomeView.swift */ = {isa = PBXFileReference; lastKnownFileType = sourcecode.swift; path = HomeView.swift; sourceTree = "<group>"; };
		8025F2342A79121C00EA331F /* HomeTitleLabel.swift */ = {isa = PBXFileReference; lastKnownFileType = sourcecode.swift; path = HomeTitleLabel.swift; sourceTree = "<group>"; };
		8025F2362A79137300EA331F /* PopularTracksCell.swift */ = {isa = PBXFileReference; lastKnownFileType = sourcecode.swift; path = PopularTracksCell.swift; sourceTree = "<group>"; };
		8025F23A2A79249E00EA331F /* EndPoints.swift */ = {isa = PBXFileReference; lastKnownFileType = sourcecode.swift; path = EndPoints.swift; sourceTree = "<group>"; };
		8025F23D2A79282700EA331F /* SearchView.swift */ = {isa = PBXFileReference; lastKnownFileType = sourcecode.swift; path = SearchView.swift; sourceTree = "<group>"; };
		8025F23F2A79283100EA331F /* SearchController.swift */ = {isa = PBXFileReference; lastKnownFileType = sourcecode.swift; path = SearchController.swift; sourceTree = "<group>"; };
		8025F2412A79283600EA331F /* SearchInteractor.swift */ = {isa = PBXFileReference; lastKnownFileType = sourcecode.swift; path = SearchInteractor.swift; sourceTree = "<group>"; };
		8025F2432A79283F00EA331F /* SearchPresenter.swift */ = {isa = PBXFileReference; lastKnownFileType = sourcecode.swift; path = SearchPresenter.swift; sourceTree = "<group>"; };
		8025F2452A79284600EA331F /* SearchRouter.swift */ = {isa = PBXFileReference; lastKnownFileType = sourcecode.swift; path = SearchRouter.swift; sourceTree = "<group>"; };
		8025F2472A79284E00EA331F /* SearchBuilder.swift */ = {isa = PBXFileReference; lastKnownFileType = sourcecode.swift; path = SearchBuilder.swift; sourceTree = "<group>"; };
		8025F24B2A79346900EA331F /* AVFoundation.framework */ = {isa = PBXFileReference; lastKnownFileType = wrapper.framework; name = AVFoundation.framework; path = System/Library/Frameworks/AVFoundation.framework; sourceTree = SDKROOT; };
		80401AED2A84DBCE00380E2F /* Helpers.swift */ = {isa = PBXFileReference; lastKnownFileType = sourcecode.swift; path = Helpers.swift; sourceTree = "<group>"; };
		80401AF12A895C6000380E2F /* ArtistDetailPresenter.swift */ = {isa = PBXFileReference; lastKnownFileType = sourcecode.swift; path = ArtistDetailPresenter.swift; sourceTree = "<group>"; };
		80401AF32A895C6600380E2F /* ArtistDetailInteractor.swift */ = {isa = PBXFileReference; lastKnownFileType = sourcecode.swift; path = ArtistDetailInteractor.swift; sourceTree = "<group>"; };
		80401AF52A895C6E00380E2F /* ArtistDetailRouter.swift */ = {isa = PBXFileReference; lastKnownFileType = sourcecode.swift; path = ArtistDetailRouter.swift; sourceTree = "<group>"; };
		80401AF72A895C7400380E2F /* ArtistDetailBuilder.swift */ = {isa = PBXFileReference; lastKnownFileType = sourcecode.swift; path = ArtistDetailBuilder.swift; sourceTree = "<group>"; };
		80401AF92A895C7C00380E2F /* ArtistDetailConstracts.swift */ = {isa = PBXFileReference; lastKnownFileType = sourcecode.swift; path = ArtistDetailConstracts.swift; sourceTree = "<group>"; };
		80401AFB2A895C8600380E2F /* ArtistDetailView.swift */ = {isa = PBXFileReference; lastKnownFileType = sourcecode.swift; path = ArtistDetailView.swift; sourceTree = "<group>"; };
		80401AFD2A895C8C00380E2F /* ArtistDetailController.swift */ = {isa = PBXFileReference; lastKnownFileType = sourcecode.swift; path = ArtistDetailController.swift; sourceTree = "<group>"; };
		80401B002A8974C800380E2F /* ArtistData.swift */ = {isa = PBXFileReference; lastKnownFileType = sourcecode.swift; path = ArtistData.swift; sourceTree = "<group>"; };
		80401B032A9E558200380E2F /* ArtistDetailsStackView.swift */ = {isa = PBXFileReference; lastKnownFileType = sourcecode.swift; path = ArtistDetailsStackView.swift; sourceTree = "<group>"; };
		80401B062A9E55BF00380E2F /* ArtistStatsLabel.swift */ = {isa = PBXFileReference; lastKnownFileType = sourcecode.swift; path = ArtistStatsLabel.swift; sourceTree = "<group>"; };
		806869622A7E66950012368E /* AudioClient.swift */ = {isa = PBXFileReference; lastKnownFileType = sourcecode.swift; path = AudioClient.swift; sourceTree = "<group>"; };
		806869652A7E82DE0012368E /* Constants.swift */ = {isa = PBXFileReference; lastKnownFileType = sourcecode.swift; path = Constants.swift; sourceTree = "<group>"; };
		80973E632AA2223B0049C0B5 /* TrackDetailInteractor.swift */ = {isa = PBXFileReference; lastKnownFileType = sourcecode.swift; path = TrackDetailInteractor.swift; sourceTree = "<group>"; };
		80973E652AA222440049C0B5 /* TrackDetailPresenter.swift */ = {isa = PBXFileReference; lastKnownFileType = sourcecode.swift; path = TrackDetailPresenter.swift; sourceTree = "<group>"; };
		80973E672AA222500049C0B5 /* TrackDetailRouter.swift */ = {isa = PBXFileReference; lastKnownFileType = sourcecode.swift; path = TrackDetailRouter.swift; sourceTree = "<group>"; };
		80973E692AA222560049C0B5 /* TrackDetailBuilder.swift */ = {isa = PBXFileReference; lastKnownFileType = sourcecode.swift; path = TrackDetailBuilder.swift; sourceTree = "<group>"; };
		80973E6B2AA2225D0049C0B5 /* TrackDetailContracts.swift */ = {isa = PBXFileReference; lastKnownFileType = sourcecode.swift; path = TrackDetailContracts.swift; sourceTree = "<group>"; };
		80973E6D2AA222660049C0B5 /* TrackDetailController.swift */ = {isa = PBXFileReference; lastKnownFileType = sourcecode.swift; path = TrackDetailController.swift; sourceTree = "<group>"; };
		80973E6F2AA2226B0049C0B5 /* TrackDetailView.swift */ = {isa = PBXFileReference; lastKnownFileType = sourcecode.swift; path = TrackDetailView.swift; sourceTree = "<group>"; };
		80973E722AA225B10049C0B5 /* TrackInformationStackView.swift */ = {isa = PBXFileReference; lastKnownFileType = sourcecode.swift; path = TrackInformationStackView.swift; sourceTree = "<group>"; };
		80973E752AA226D40049C0B5 /* TrackDetail.swift */ = {isa = PBXFileReference; lastKnownFileType = sourcecode.swift; path = TrackDetail.swift; sourceTree = "<group>"; };
		80B76CEE2A7D0EA400FC3CE6 /* SearchConstracts.swift */ = {isa = PBXFileReference; lastKnownFileType = sourcecode.swift; path = SearchConstracts.swift; sourceTree = "<group>"; };
		80B76CF22A7D2E6800FC3CE6 /* SearchResultCell.swift */ = {isa = PBXFileReference; lastKnownFileType = sourcecode.swift; path = SearchResultCell.swift; sourceTree = "<group>"; };
		80B76CF72A7D3D8200FC3CE6 /* UITableView+Ext.swift */ = {isa = PBXFileReference; lastKnownFileType = sourcecode.swift; path = "UITableView+Ext.swift"; sourceTree = "<group>"; };
		80F122292A7AA3BC0063A0D5 /* String+Ext.swift */ = {isa = PBXFileReference; lastKnownFileType = sourcecode.swift; path = "String+Ext.swift"; sourceTree = "<group>"; };
		80F1222F2A7AAC950063A0D5 /* AudioManager.swift */ = {isa = PBXFileReference; lastKnownFileType = sourcecode.swift; path = AudioManager.swift; sourceTree = "<group>"; };
		80F122312A7B06540063A0D5 /* UICollectionView+Ext.swift */ = {isa = PBXFileReference; lastKnownFileType = sourcecode.swift; path = "UICollectionView+Ext.swift"; sourceTree = "<group>"; };
		80F747702A7BC462001EDB04 /* PlaylistsCell.swift */ = {isa = PBXFileReference; lastKnownFileType = sourcecode.swift; path = PlaylistsCell.swift; sourceTree = "<group>"; };
/* End PBXFileReference section */

/* Begin PBXFrameworksBuildPhase section */
		8025F1C82A77F64900EA331F /* Frameworks */ = {
			isa = PBXFrameworksBuildPhase;
			buildActionMask = 2147483647;
			files = (
				8025F24C2A79346900EA331F /* AVFoundation.framework in Frameworks */,
				8025F22B2A78FED900EA331F /* Alamofire in Frameworks */,
				8025F2242A7866AB00EA331F /* Kingfisher in Frameworks */,
				8025F2122A77FD7600EA331F /* SnapKit in Frameworks */,
			);
			runOnlyForDeploymentPostprocessing = 0;
		};
		8025F1DE2A77F64B00EA331F /* Frameworks */ = {
			isa = PBXFrameworksBuildPhase;
			buildActionMask = 2147483647;
			files = (
			);
			runOnlyForDeploymentPostprocessing = 0;
		};
		8025F1E82A77F64B00EA331F /* Frameworks */ = {
			isa = PBXFrameworksBuildPhase;
			buildActionMask = 2147483647;
			files = (
			);
			runOnlyForDeploymentPostprocessing = 0;
		};
/* End PBXFrameworksBuildPhase section */

/* Begin PBXGroup section */
		801AD1F92A7FBB0300E06F79 /* PlaylistDetailPage */ = {
			isa = PBXGroup;
			children = (
				80401AE92A84DB8000380E2F /* Views */,
				801AD2002A7FBB2500E06F79 /* PlaylistDetailInteractor.swift */,
				801AD2022A7FBB2B00E06F79 /* PlaylistDetailPresenter.swift */,
				801AD1FE2A7FBB1E00E06F79 /* PlaylistDetailRouter.swift */,
				801AD1FA2A7FBB1200E06F79 /* PlaylistDetailContracts.swift */,
				801AD1FC2A7FBB1800E06F79 /* PlaylistDetailBuilder.swift */,
			);
			path = PlaylistDetailPage;
			sourceTree = "<group>";
		};
		801AD20A2A7FC2CF00E06F79 /* PlaylistAPI */ = {
			isa = PBXGroup;
			children = (
				801AD20B2A7FC2D900E06F79 /* Playlist Model.swift */,
			);
			path = PlaylistAPI;
			sourceTree = "<group>";
		};
		801AD20D2A802E7200E06F79 /* Reusable Components */ = {
			isa = PBXGroup;
			children = (
				8025F2302A790EE100EA331F /* BaseViewController.swift */,
				80B76CF22A7D2E6800FC3CE6 /* SearchResultCell.swift */,
			);
			path = "Reusable Components";
			sourceTree = "<group>";
		};
		801AD20E2A80D37000E06F79 /* AlbumDetailPage */ = {
			isa = PBXGroup;
			children = (
				80401AEA2A84DB8A00380E2F /* Views */,
				801AD2132A80D38500E06F79 /* AlbumDetailPresenter.swift */,
				801AD2152A80D38B00E06F79 /* AlbumDetailInteractor.swift */,
				801AD2172A80D39000E06F79 /* AlbumDetailRouter.swift */,
				801AD2192A80D39800E06F79 /* AlbumDetailContracts.swift */,
				801AD21B2A80D60300E06F79 /* AlbumDetailBuilder.swift */,
			);
			path = AlbumDetailPage;
			sourceTree = "<group>";
		};
		801AD21D2A80D87400E06F79 /* AlbumsAPI */ = {
			isa = PBXGroup;
			children = (
				801AD21E2A80D87B00E06F79 /* Album Model.swift */,
			);
			path = AlbumsAPI;
			sourceTree = "<group>";
		};
		8025F1C22A77F64900EA331F = {
			isa = PBXGroup;
			children = (
				8025F1CD2A77F64900EA331F /* HarmonyHub */,
				8025F1E42A77F64B00EA331F /* HarmonyHubTests */,
				8025F1EE2A77F64B00EA331F /* HarmonyHubUITests */,
				8025F1CC2A77F64900EA331F /* Products */,
				8025F24A2A79346900EA331F /* Frameworks */,
			);
			sourceTree = "<group>";
		};
		8025F1CC2A77F64900EA331F /* Products */ = {
			isa = PBXGroup;
			children = (
				8025F1CB2A77F64900EA331F /* HarmonyHub.app */,
				8025F1E12A77F64B00EA331F /* HarmonyHubTests.xctest */,
				8025F1EB2A77F64B00EA331F /* HarmonyHubUITests.xctest */,
			);
			name = Products;
			sourceTree = "<group>";
		};
		8025F1CD2A77F64900EA331F /* HarmonyHub */ = {
			isa = PBXGroup;
			children = (
				801AD20D2A802E7200E06F79 /* Reusable Components */,
				806869642A7E82D10012368E /* Utils */,
				8025F21E2A78640F00EA331F /* Entities */,
				8025F2012A77F77400EA331F /* Services */,
				8025F2002A77F76E00EA331F /* Extensions */,
				8025F1FF2A77F76C00EA331F /* Modules */,
				8025F1FE2A77F76200EA331F /* App */,
				8025F1D72A77F64B00EA331F /* Assets.xcassets */,
				8025F1D92A77F64B00EA331F /* LaunchScreen.storyboard */,
				8025F1DC2A77F64B00EA331F /* Info.plist */,
			);
			path = HarmonyHub;
			sourceTree = "<group>";
		};
		8025F1E42A77F64B00EA331F /* HarmonyHubTests */ = {
			isa = PBXGroup;
			children = (
				8025F1E52A77F64B00EA331F /* HarmonyHubTests.swift */,
			);
			path = HarmonyHubTests;
			sourceTree = "<group>";
		};
		8025F1EE2A77F64B00EA331F /* HarmonyHubUITests */ = {
			isa = PBXGroup;
			children = (
				8025F1EF2A77F64B00EA331F /* HarmonyHubUITests.swift */,
				8025F1F12A77F64B00EA331F /* HarmonyHubUITestsLaunchTests.swift */,
			);
			path = HarmonyHubUITests;
			sourceTree = "<group>";
		};
		8025F1FE2A77F76200EA331F /* App */ = {
			isa = PBXGroup;
			children = (
				8025F1D02A77F64900EA331F /* SceneDelegate.swift */,
				8025F1CE2A77F64900EA331F /* AppDelegate.swift */,
			);
			path = App;
			sourceTree = "<group>";
		};
		8025F1FF2A77F76C00EA331F /* Modules */ = {
			isa = PBXGroup;
			children = (
				80973E602AA221530049C0B5 /* TrackDetailPage */,
				80401AEF2A895C4100380E2F /* ArtistDetailPage */,
				801AD20E2A80D37000E06F79 /* AlbumDetailPage */,
				801AD1F92A7FBB0300E06F79 /* PlaylistDetailPage */,
				8025F23C2A79281D00EA331F /* SearchPage */,
				8025F2022A77F77E00EA331F /* HomePage */,
			);
			path = Modules;
			sourceTree = "<group>";
		};
		8025F2002A77F76E00EA331F /* Extensions */ = {
			isa = PBXGroup;
			children = (
				8025F2252A786D2000EA331F /* UIImageView+Ext.swift */,
				80F122292A7AA3BC0063A0D5 /* String+Ext.swift */,
				80F122312A7B06540063A0D5 /* UICollectionView+Ext.swift */,
				80B76CF72A7D3D8200FC3CE6 /* UITableView+Ext.swift */,
			);
			path = Extensions;
			sourceTree = "<group>";
		};
		8025F2012A77F77400EA331F /* Services */ = {
			isa = PBXGroup;
			children = (
				80F1222E2A7AAC880063A0D5 /* AudioManager */,
				80F1222D2A7AAC810063A0D5 /* NetworkManager */,
			);
			path = Services;
			sourceTree = "<group>";
		};
		8025F2022A77F77E00EA331F /* HomePage */ = {
			isa = PBXGroup;
			children = (
				8025F2132A77FE7D00EA331F /* Views */,
				8025F2062A77F79D00EA331F /* HomeInteractor.swift */,
				8025F2082A77F7A300EA331F /* HomePresenter.swift */,
				8025F20A2A77F7A800EA331F /* HomeRouter.swift */,
				8025F20C2A77F7AD00EA331F /* HomeBuilder.swift */,
				8025F20E2A77F7B200EA331F /* HomeContracts.swift */,
			);
			path = HomePage;
			sourceTree = "<group>";
		};
		8025F2132A77FE7D00EA331F /* Views */ = {
			isa = PBXGroup;
			children = (
				8025F2162A77FE8C00EA331F /* Cells */,
				8025F2172A77FE9000EA331F /* CustomViews */,
				8025F2322A790F3100EA331F /* HomeView.swift */,
				8025F2042A77F79700EA331F /* HomeController.swift */,
			);
			path = Views;
			sourceTree = "<group>";
		};
		8025F2162A77FE8C00EA331F /* Cells */ = {
			isa = PBXGroup;
			children = (
				8025F21C2A785D9800EA331F /* TopAlbumCell.swift */,
				8025F2272A78F6D800EA331F /* ArtistsCell.swift */,
				8025F2362A79137300EA331F /* PopularTracksCell.swift */,
			);
			path = Cells;
			sourceTree = "<group>";
		};
		8025F2172A77FE9000EA331F /* CustomViews */ = {
			isa = PBXGroup;
			children = (
				8025F2182A77FFA000EA331F /* MediaCategoryButtonsStackView.swift */,
				8025F21A2A77FFCC00EA331F /* MediaCategoryButton.swift */,
				8025F2342A79121C00EA331F /* HomeTitleLabel.swift */,
			);
			path = CustomViews;
			sourceTree = "<group>";
		};
		8025F21E2A78640F00EA331F /* Entities */ = {
			isa = PBXGroup;
			children = (
				80973E742AA226CD0049C0B5 /* TrackAPI */,
				80401AFF2A8974BF00380E2F /* ArtistAPI */,
				801AD21D2A80D87400E06F79 /* AlbumsAPI */,
				801AD20A2A7FC2CF00E06F79 /* PlaylistAPI */,
				8025F21F2A78645E00EA331F /* ChartAPI */,
			);
			path = Entities;
			sourceTree = "<group>";
		};
		8025F21F2A78645E00EA331F /* ChartAPI */ = {
			isa = PBXGroup;
			children = (
				8025F2202A78646900EA331F /* ChartModel.swift */,
			);
			path = ChartAPI;
			sourceTree = "<group>";
		};
		8025F2382A79248D00EA331F /* Core */ = {
			isa = PBXGroup;
			children = (
				8025F23A2A79249E00EA331F /* EndPoints.swift */,
				8025F22C2A79000C00EA331F /* NetworkManager.swift */,
			);
			path = Core;
			sourceTree = "<group>";
		};
		8025F2392A79249000EA331F /* Helpers */ = {
			isa = PBXGroup;
			children = (
				8025F22E2A79013200EA331F /* HttpHelpers.swift */,
			);
			path = Helpers;
			sourceTree = "<group>";
		};
		8025F23C2A79281D00EA331F /* SearchPage */ = {
			isa = PBXGroup;
			children = (
				8025F2492A79284F00EA331F /* Views */,
				8025F2412A79283600EA331F /* SearchInteractor.swift */,
				8025F2432A79283F00EA331F /* SearchPresenter.swift */,
				8025F2452A79284600EA331F /* SearchRouter.swift */,
				8025F2472A79284E00EA331F /* SearchBuilder.swift */,
				80B76CEE2A7D0EA400FC3CE6 /* SearchConstracts.swift */,
			);
			path = SearchPage;
			sourceTree = "<group>";
		};
		8025F2492A79284F00EA331F /* Views */ = {
			isa = PBXGroup;
			children = (
				80F7476F2A7BC455001EDB04 /* Cells */,
				8025F23F2A79283100EA331F /* SearchController.swift */,
				8025F23D2A79282700EA331F /* SearchView.swift */,
			);
			path = Views;
			sourceTree = "<group>";
		};
		8025F24A2A79346900EA331F /* Frameworks */ = {
			isa = PBXGroup;
			children = (
				8025F24B2A79346900EA331F /* AVFoundation.framework */,
			);
			name = Frameworks;
			sourceTree = "<group>";
		};
		80401AE92A84DB8000380E2F /* Views */ = {
			isa = PBXGroup;
			children = (
				801AD2082A7FBB3B00E06F79 /* PlaylistDetailController.swift */,
				801AD2062A7FBB3500E06F79 /* PlaylistDetailView.swift */,
			);
			path = Views;
			sourceTree = "<group>";
		};
		80401AEA2A84DB8A00380E2F /* Views */ = {
			isa = PBXGroup;
			children = (
				801AD20F2A80D37B00E06F79 /* AlbumDetailController.swift */,
				801AD2112A80D37F00E06F79 /* AlbumDetailView.swift */,
			);
			path = Views;
			sourceTree = "<group>";
		};
		80401AEB2A84DBB700380E2F /* Helpers */ = {
			isa = PBXGroup;
			children = (
				80401AED2A84DBCE00380E2F /* Helpers.swift */,
			);
			path = Helpers;
			sourceTree = "<group>";
		};
		80401AEC2A84DBB900380E2F /* Core */ = {
			isa = PBXGroup;
			children = (
				806869622A7E66950012368E /* AudioClient.swift */,
				80F1222F2A7AAC950063A0D5 /* AudioManager.swift */,
			);
			path = Core;
			sourceTree = "<group>";
		};
		80401AEF2A895C4100380E2F /* ArtistDetailPage */ = {
			isa = PBXGroup;
			children = (
				80401AF02A895C4600380E2F /* Views */,
				80401AF12A895C6000380E2F /* ArtistDetailPresenter.swift */,
				80401AF32A895C6600380E2F /* ArtistDetailInteractor.swift */,
				80401AF52A895C6E00380E2F /* ArtistDetailRouter.swift */,
				80401AF72A895C7400380E2F /* ArtistDetailBuilder.swift */,
				80401AF92A895C7C00380E2F /* ArtistDetailConstracts.swift */,
			);
			path = ArtistDetailPage;
			sourceTree = "<group>";
		};
		80401AF02A895C4600380E2F /* Views */ = {
			isa = PBXGroup;
			children = (
				80401B022A9E557900380E2F /* Custom Views */,
				80401AFB2A895C8600380E2F /* ArtistDetailView.swift */,
				80401AFD2A895C8C00380E2F /* ArtistDetailController.swift */,
			);
			path = Views;
			sourceTree = "<group>";
		};
		80401AFF2A8974BF00380E2F /* ArtistAPI */ = {
			isa = PBXGroup;
			children = (
				80401B002A8974C800380E2F /* ArtistData.swift */,
			);
			path = ArtistAPI;
			sourceTree = "<group>";
		};
		80401B022A9E557900380E2F /* Custom Views */ = {
			isa = PBXGroup;
			children = (
				80401B032A9E558200380E2F /* ArtistDetailsStackView.swift */,
				80401B062A9E55BF00380E2F /* ArtistStatsLabel.swift */,
			);
			path = "Custom Views";
			sourceTree = "<group>";
		};
		806869642A7E82D10012368E /* Utils */ = {
			isa = PBXGroup;
			children = (
				806869652A7E82DE0012368E /* Constants.swift */,
			);
			path = Utils;
			sourceTree = "<group>";
		};
		80973E602AA221530049C0B5 /* TrackDetailPage */ = {
			isa = PBXGroup;
			children = (
				80973E612AA2222C0049C0B5 /* View */,
				80973E632AA2223B0049C0B5 /* TrackDetailInteractor.swift */,
				80973E652AA222440049C0B5 /* TrackDetailPresenter.swift */,
				80973E672AA222500049C0B5 /* TrackDetailRouter.swift */,
				80973E692AA222560049C0B5 /* TrackDetailBuilder.swift */,
				80973E6B2AA2225D0049C0B5 /* TrackDetailContracts.swift */,
			);
			path = TrackDetailPage;
			sourceTree = "<group>";
		};
		80973E612AA2222C0049C0B5 /* View */ = {
			isa = PBXGroup;
			children = (
				80973E712AA225A40049C0B5 /* CustomViews */,
				80973E6D2AA222660049C0B5 /* TrackDetailController.swift */,
				80973E6F2AA2226B0049C0B5 /* TrackDetailView.swift */,
			);
			path = View;
			sourceTree = "<group>";
		};
		80973E712AA225A40049C0B5 /* CustomViews */ = {
			isa = PBXGroup;
			children = (
				80973E722AA225B10049C0B5 /* TrackInformationStackView.swift */,
			);
			path = CustomViews;
			sourceTree = "<group>";
		};
		80973E742AA226CD0049C0B5 /* TrackAPI */ = {
			isa = PBXGroup;
			children = (
				80973E752AA226D40049C0B5 /* TrackDetail.swift */,
			);
			path = TrackAPI;
			sourceTree = "<group>";
		};
		80F1222D2A7AAC810063A0D5 /* NetworkManager */ = {
			isa = PBXGroup;
			children = (
				8025F2382A79248D00EA331F /* Core */,
				8025F2392A79249000EA331F /* Helpers */,
			);
			path = NetworkManager;
			sourceTree = "<group>";
		};
		80F1222E2A7AAC880063A0D5 /* AudioManager */ = {
			isa = PBXGroup;
			children = (
				80401AEC2A84DBB900380E2F /* Core */,
				80401AEB2A84DBB700380E2F /* Helpers */,
			);
			path = AudioManager;
			sourceTree = "<group>";
		};
		80F7476F2A7BC455001EDB04 /* Cells */ = {
			isa = PBXGroup;
			children = (
				80F747702A7BC462001EDB04 /* PlaylistsCell.swift */,
			);
			path = Cells;
			sourceTree = "<group>";
		};
/* End PBXGroup section */

/* Begin PBXNativeTarget section */
		8025F1CA2A77F64900EA331F /* HarmonyHub */ = {
			isa = PBXNativeTarget;
			buildConfigurationList = 8025F1F52A77F64B00EA331F /* Build configuration list for PBXNativeTarget "HarmonyHub" */;
			buildPhases = (
				8025F1C72A77F64900EA331F /* Sources */,
				8025F1C82A77F64900EA331F /* Frameworks */,
				8025F1C92A77F64900EA331F /* Resources */,
			);
			buildRules = (
			);
			dependencies = (
			);
			name = HarmonyHub;
			packageProductDependencies = (
				8025F2112A77FD7600EA331F /* SnapKit */,
				8025F2232A7866AB00EA331F /* Kingfisher */,
				8025F22A2A78FED900EA331F /* Alamofire */,
			);
			productName = HarmonyHub;
			productReference = 8025F1CB2A77F64900EA331F /* HarmonyHub.app */;
			productType = "com.apple.product-type.application";
		};
		8025F1E02A77F64B00EA331F /* HarmonyHubTests */ = {
			isa = PBXNativeTarget;
			buildConfigurationList = 8025F1F82A77F64B00EA331F /* Build configuration list for PBXNativeTarget "HarmonyHubTests" */;
			buildPhases = (
				8025F1DD2A77F64B00EA331F /* Sources */,
				8025F1DE2A77F64B00EA331F /* Frameworks */,
				8025F1DF2A77F64B00EA331F /* Resources */,
			);
			buildRules = (
			);
			dependencies = (
				8025F1E32A77F64B00EA331F /* PBXTargetDependency */,
			);
			name = HarmonyHubTests;
			productName = HarmonyHubTests;
			productReference = 8025F1E12A77F64B00EA331F /* HarmonyHubTests.xctest */;
			productType = "com.apple.product-type.bundle.unit-test";
		};
		8025F1EA2A77F64B00EA331F /* HarmonyHubUITests */ = {
			isa = PBXNativeTarget;
			buildConfigurationList = 8025F1FB2A77F64B00EA331F /* Build configuration list for PBXNativeTarget "HarmonyHubUITests" */;
			buildPhases = (
				8025F1E72A77F64B00EA331F /* Sources */,
				8025F1E82A77F64B00EA331F /* Frameworks */,
				8025F1E92A77F64B00EA331F /* Resources */,
			);
			buildRules = (
			);
			dependencies = (
				8025F1ED2A77F64B00EA331F /* PBXTargetDependency */,
			);
			name = HarmonyHubUITests;
			productName = HarmonyHubUITests;
			productReference = 8025F1EB2A77F64B00EA331F /* HarmonyHubUITests.xctest */;
			productType = "com.apple.product-type.bundle.ui-testing";
		};
/* End PBXNativeTarget section */

/* Begin PBXProject section */
		8025F1C32A77F64900EA331F /* Project object */ = {
			isa = PBXProject;
			attributes = {
				BuildIndependentTargetsInParallel = 1;
				LastSwiftUpdateCheck = 1430;
				LastUpgradeCheck = 1430;
				TargetAttributes = {
					8025F1CA2A77F64900EA331F = {
						CreatedOnToolsVersion = 14.3.1;
					};
					8025F1E02A77F64B00EA331F = {
						CreatedOnToolsVersion = 14.3.1;
						TestTargetID = 8025F1CA2A77F64900EA331F;
					};
					8025F1EA2A77F64B00EA331F = {
						CreatedOnToolsVersion = 14.3.1;
						TestTargetID = 8025F1CA2A77F64900EA331F;
					};
				};
			};
			buildConfigurationList = 8025F1C62A77F64900EA331F /* Build configuration list for PBXProject "HarmonyHub" */;
			compatibilityVersion = "Xcode 14.0";
			developmentRegion = en;
			hasScannedForEncodings = 0;
			knownRegions = (
				en,
				Base,
			);
			mainGroup = 8025F1C22A77F64900EA331F;
			packageReferences = (
				8025F2102A77FD7600EA331F /* XCRemoteSwiftPackageReference "SnapKit" */,
				8025F2222A7866AB00EA331F /* XCRemoteSwiftPackageReference "Kingfisher" */,
				8025F2292A78FED900EA331F /* XCRemoteSwiftPackageReference "Alamofire" */,
			);
			productRefGroup = 8025F1CC2A77F64900EA331F /* Products */;
			projectDirPath = "";
			projectRoot = "";
			targets = (
				8025F1CA2A77F64900EA331F /* HarmonyHub */,
				8025F1E02A77F64B00EA331F /* HarmonyHubTests */,
				8025F1EA2A77F64B00EA331F /* HarmonyHubUITests */,
			);
		};
/* End PBXProject section */

/* Begin PBXResourcesBuildPhase section */
		8025F1C92A77F64900EA331F /* Resources */ = {
			isa = PBXResourcesBuildPhase;
			buildActionMask = 2147483647;
			files = (
				8025F1DB2A77F64B00EA331F /* LaunchScreen.storyboard in Resources */,
				8025F1D82A77F64B00EA331F /* Assets.xcassets in Resources */,
			);
			runOnlyForDeploymentPostprocessing = 0;
		};
		8025F1DF2A77F64B00EA331F /* Resources */ = {
			isa = PBXResourcesBuildPhase;
			buildActionMask = 2147483647;
			files = (
			);
			runOnlyForDeploymentPostprocessing = 0;
		};
		8025F1E92A77F64B00EA331F /* Resources */ = {
			isa = PBXResourcesBuildPhase;
			buildActionMask = 2147483647;
			files = (
			);
			runOnlyForDeploymentPostprocessing = 0;
		};
/* End PBXResourcesBuildPhase section */

/* Begin PBXSourcesBuildPhase section */
		8025F1C72A77F64900EA331F /* Sources */ = {
			isa = PBXSourcesBuildPhase;
			buildActionMask = 2147483647;
			files = (
				8025F2282A78F6D800EA331F /* ArtistsCell.swift in Sources */,
				8025F2372A79137300EA331F /* PopularTracksCell.swift in Sources */,
				8025F2482A79284E00EA331F /* SearchBuilder.swift in Sources */,
				80973E702AA2226B0049C0B5 /* TrackDetailView.swift in Sources */,
				801AD2072A7FBB3500E06F79 /* PlaylistDetailView.swift in Sources */,
				80F747712A7BC462001EDB04 /* PlaylistsCell.swift in Sources */,
				8025F20F2A77F7B200EA331F /* HomeContracts.swift in Sources */,
				80973E6C2AA2225D0049C0B5 /* TrackDetailContracts.swift in Sources */,
				80973E642AA2223B0049C0B5 /* TrackDetailInteractor.swift in Sources */,
				80401AF22A895C6000380E2F /* ArtistDetailPresenter.swift in Sources */,
				80401AFC2A895C8600380E2F /* ArtistDetailView.swift in Sources */,
				801AD2032A7FBB2B00E06F79 /* PlaylistDetailPresenter.swift in Sources */,
				80B76CF32A7D2E6800FC3CE6 /* SearchResultCell.swift in Sources */,
				80F122322A7B06540063A0D5 /* UICollectionView+Ext.swift in Sources */,
				8025F2052A77F79700EA331F /* HomeController.swift in Sources */,
				806869632A7E66950012368E /* AudioClient.swift in Sources */,
				80401AEE2A84DBCE00380E2F /* Helpers.swift in Sources */,
				8025F2332A790F3100EA331F /* HomeView.swift in Sources */,
				8025F20B2A77F7A800EA331F /* HomeRouter.swift in Sources */,
				801AD1FF2A7FBB1E00E06F79 /* PlaylistDetailRouter.swift in Sources */,
				801AD20C2A7FC2D900E06F79 /* Playlist Model.swift in Sources */,
				8025F1CF2A77F64900EA331F /* AppDelegate.swift in Sources */,
				8025F2442A79283F00EA331F /* SearchPresenter.swift in Sources */,
				80B76CEF2A7D0EA400FC3CE6 /* SearchConstracts.swift in Sources */,
				8025F21B2A77FFCC00EA331F /* MediaCategoryButton.swift in Sources */,
				8025F2192A77FFA000EA331F /* MediaCategoryButtonsStackView.swift in Sources */,
				8025F2312A790EE100EA331F /* BaseViewController.swift in Sources */,
				8025F23E2A79282700EA331F /* SearchView.swift in Sources */,
				80401B042A9E558200380E2F /* ArtistDetailsStackView.swift in Sources */,
				80973E6E2AA222660049C0B5 /* TrackDetailController.swift in Sources */,
				8025F2462A79284600EA331F /* SearchRouter.swift in Sources */,
				801AD2122A80D37F00E06F79 /* AlbumDetailView.swift in Sources */,
				801AD2102A80D37B00E06F79 /* AlbumDetailController.swift in Sources */,
				80F122302A7AAC950063A0D5 /* AudioManager.swift in Sources */,
				8025F23B2A79249E00EA331F /* EndPoints.swift in Sources */,
				8025F20D2A77F7AD00EA331F /* HomeBuilder.swift in Sources */,
				80973E662AA222440049C0B5 /* TrackDetailPresenter.swift in Sources */,
				80401AF62A895C6E00380E2F /* ArtistDetailRouter.swift in Sources */,
				8025F1D12A77F64900EA331F /* SceneDelegate.swift in Sources */,
				8025F2262A786D2000EA331F /* UIImageView+Ext.swift in Sources */,
				801AD21F2A80D87B00E06F79 /* Album Model.swift in Sources */,
				80401AF82A895C7400380E2F /* ArtistDetailBuilder.swift in Sources */,
				801AD21C2A80D60300E06F79 /* AlbumDetailBuilder.swift in Sources */,
				801AD21A2A80D39800E06F79 /* AlbumDetailContracts.swift in Sources */,
				80973E762AA226D40049C0B5 /* TrackDetail.swift in Sources */,
				80973E732AA225B10049C0B5 /* TrackInformationStackView.swift in Sources */,
				801AD1FD2A7FBB1800E06F79 /* PlaylistDetailBuilder.swift in Sources */,
				8025F2352A79121C00EA331F /* HomeTitleLabel.swift in Sources */,
				80973E682AA222500049C0B5 /* TrackDetailRouter.swift in Sources */,
				8025F2402A79283100EA331F /* SearchController.swift in Sources */,
				80973E6A2AA222560049C0B5 /* TrackDetailBuilder.swift in Sources */,
				801AD1FB2A7FBB1200E06F79 /* PlaylistDetailContracts.swift in Sources */,
				8025F21D2A785D9800EA331F /* TopAlbumCell.swift in Sources */,
				8025F2422A79283600EA331F /* SearchInteractor.swift in Sources */,
				80F1222A2A7AA3BC0063A0D5 /* String+Ext.swift in Sources */,
				801AD2162A80D38B00E06F79 /* AlbumDetailInteractor.swift in Sources */,
				8025F22F2A79013200EA331F /* HttpHelpers.swift in Sources */,
				801AD2012A7FBB2500E06F79 /* PlaylistDetailInteractor.swift in Sources */,
				801AD2182A80D39000E06F79 /* AlbumDetailRouter.swift in Sources */,
				8025F2092A77F7A300EA331F /* HomePresenter.swift in Sources */,
				801AD2142A80D38500E06F79 /* AlbumDetailPresenter.swift in Sources */,
				8025F22D2A79000C00EA331F /* NetworkManager.swift in Sources */,
				80401B012A8974C800380E2F /* ArtistData.swift in Sources */,
				80401AFA2A895C7C00380E2F /* ArtistDetailConstracts.swift in Sources */,
				80B76CF82A7D3D8200FC3CE6 /* UITableView+Ext.swift in Sources */,
				8025F2212A78646900EA331F /* ChartModel.swift in Sources */,
				801AD2092A7FBB3B00E06F79 /* PlaylistDetailController.swift in Sources */,
				8025F2072A77F79D00EA331F /* HomeInteractor.swift in Sources */,
				80401AFE2A895C8C00380E2F /* ArtistDetailController.swift in Sources */,
				80401B072A9E55BF00380E2F /* ArtistStatsLabel.swift in Sources */,
				806869662A7E82DE0012368E /* Constants.swift in Sources */,
				80401AF42A895C6600380E2F /* ArtistDetailInteractor.swift in Sources */,
			);
			runOnlyForDeploymentPostprocessing = 0;
		};
		8025F1DD2A77F64B00EA331F /* Sources */ = {
			isa = PBXSourcesBuildPhase;
			buildActionMask = 2147483647;
			files = (
				8025F1E62A77F64B00EA331F /* HarmonyHubTests.swift in Sources */,
			);
			runOnlyForDeploymentPostprocessing = 0;
		};
		8025F1E72A77F64B00EA331F /* Sources */ = {
			isa = PBXSourcesBuildPhase;
			buildActionMask = 2147483647;
			files = (
				8025F1F02A77F64B00EA331F /* HarmonyHubUITests.swift in Sources */,
				8025F1F22A77F64B00EA331F /* HarmonyHubUITestsLaunchTests.swift in Sources */,
			);
			runOnlyForDeploymentPostprocessing = 0;
		};
/* End PBXSourcesBuildPhase section */

/* Begin PBXTargetDependency section */
		8025F1E32A77F64B00EA331F /* PBXTargetDependency */ = {
			isa = PBXTargetDependency;
			target = 8025F1CA2A77F64900EA331F /* HarmonyHub */;
			targetProxy = 8025F1E22A77F64B00EA331F /* PBXContainerItemProxy */;
		};
		8025F1ED2A77F64B00EA331F /* PBXTargetDependency */ = {
			isa = PBXTargetDependency;
			target = 8025F1CA2A77F64900EA331F /* HarmonyHub */;
			targetProxy = 8025F1EC2A77F64B00EA331F /* PBXContainerItemProxy */;
		};
/* End PBXTargetDependency section */

/* Begin PBXVariantGroup section */
		8025F1D92A77F64B00EA331F /* LaunchScreen.storyboard */ = {
			isa = PBXVariantGroup;
			children = (
				8025F1DA2A77F64B00EA331F /* Base */,
			);
			name = LaunchScreen.storyboard;
			sourceTree = "<group>";
		};
/* End PBXVariantGroup section */

/* Begin XCBuildConfiguration section */
		8025F1F32A77F64B00EA331F /* Debug */ = {
			isa = XCBuildConfiguration;
			buildSettings = {
				ALWAYS_SEARCH_USER_PATHS = NO;
				CLANG_ANALYZER_NONNULL = YES;
				CLANG_ANALYZER_NUMBER_OBJECT_CONVERSION = YES_AGGRESSIVE;
				CLANG_CXX_LANGUAGE_STANDARD = "gnu++20";
				CLANG_ENABLE_MODULES = YES;
				CLANG_ENABLE_OBJC_ARC = YES;
				CLANG_ENABLE_OBJC_WEAK = YES;
				CLANG_WARN_BLOCK_CAPTURE_AUTORELEASING = YES;
				CLANG_WARN_BOOL_CONVERSION = YES;
				CLANG_WARN_COMMA = YES;
				CLANG_WARN_CONSTANT_CONVERSION = YES;
				CLANG_WARN_DEPRECATED_OBJC_IMPLEMENTATIONS = YES;
				CLANG_WARN_DIRECT_OBJC_ISA_USAGE = YES_ERROR;
				CLANG_WARN_DOCUMENTATION_COMMENTS = YES;
				CLANG_WARN_EMPTY_BODY = YES;
				CLANG_WARN_ENUM_CONVERSION = YES;
				CLANG_WARN_INFINITE_RECURSION = YES;
				CLANG_WARN_INT_CONVERSION = YES;
				CLANG_WARN_NON_LITERAL_NULL_CONVERSION = YES;
				CLANG_WARN_OBJC_IMPLICIT_RETAIN_SELF = YES;
				CLANG_WARN_OBJC_LITERAL_CONVERSION = YES;
				CLANG_WARN_OBJC_ROOT_CLASS = YES_ERROR;
				CLANG_WARN_QUOTED_INCLUDE_IN_FRAMEWORK_HEADER = YES;
				CLANG_WARN_RANGE_LOOP_ANALYSIS = YES;
				CLANG_WARN_STRICT_PROTOTYPES = YES;
				CLANG_WARN_SUSPICIOUS_MOVE = YES;
				CLANG_WARN_UNGUARDED_AVAILABILITY = YES_AGGRESSIVE;
				CLANG_WARN_UNREACHABLE_CODE = YES;
				CLANG_WARN__DUPLICATE_METHOD_MATCH = YES;
				COPY_PHASE_STRIP = NO;
				DEBUG_INFORMATION_FORMAT = dwarf;
				ENABLE_STRICT_OBJC_MSGSEND = YES;
				ENABLE_TESTABILITY = YES;
				GCC_C_LANGUAGE_STANDARD = gnu11;
				GCC_DYNAMIC_NO_PIC = NO;
				GCC_NO_COMMON_BLOCKS = YES;
				GCC_OPTIMIZATION_LEVEL = 0;
				GCC_PREPROCESSOR_DEFINITIONS = (
					"DEBUG=1",
					"$(inherited)",
				);
				GCC_WARN_64_TO_32_BIT_CONVERSION = YES;
				GCC_WARN_ABOUT_RETURN_TYPE = YES_ERROR;
				GCC_WARN_UNDECLARED_SELECTOR = YES;
				GCC_WARN_UNINITIALIZED_AUTOS = YES_AGGRESSIVE;
				GCC_WARN_UNUSED_FUNCTION = YES;
				GCC_WARN_UNUSED_VARIABLE = YES;
				IPHONEOS_DEPLOYMENT_TARGET = 16.4;
				MTL_ENABLE_DEBUG_INFO = INCLUDE_SOURCE;
				MTL_FAST_MATH = YES;
				ONLY_ACTIVE_ARCH = YES;
				SDKROOT = iphoneos;
				SWIFT_ACTIVE_COMPILATION_CONDITIONS = DEBUG;
				SWIFT_OPTIMIZATION_LEVEL = "-Onone";
			};
			name = Debug;
		};
		8025F1F42A77F64B00EA331F /* Release */ = {
			isa = XCBuildConfiguration;
			buildSettings = {
				ALWAYS_SEARCH_USER_PATHS = NO;
				CLANG_ANALYZER_NONNULL = YES;
				CLANG_ANALYZER_NUMBER_OBJECT_CONVERSION = YES_AGGRESSIVE;
				CLANG_CXX_LANGUAGE_STANDARD = "gnu++20";
				CLANG_ENABLE_MODULES = YES;
				CLANG_ENABLE_OBJC_ARC = YES;
				CLANG_ENABLE_OBJC_WEAK = YES;
				CLANG_WARN_BLOCK_CAPTURE_AUTORELEASING = YES;
				CLANG_WARN_BOOL_CONVERSION = YES;
				CLANG_WARN_COMMA = YES;
				CLANG_WARN_CONSTANT_CONVERSION = YES;
				CLANG_WARN_DEPRECATED_OBJC_IMPLEMENTATIONS = YES;
				CLANG_WARN_DIRECT_OBJC_ISA_USAGE = YES_ERROR;
				CLANG_WARN_DOCUMENTATION_COMMENTS = YES;
				CLANG_WARN_EMPTY_BODY = YES;
				CLANG_WARN_ENUM_CONVERSION = YES;
				CLANG_WARN_INFINITE_RECURSION = YES;
				CLANG_WARN_INT_CONVERSION = YES;
				CLANG_WARN_NON_LITERAL_NULL_CONVERSION = YES;
				CLANG_WARN_OBJC_IMPLICIT_RETAIN_SELF = YES;
				CLANG_WARN_OBJC_LITERAL_CONVERSION = YES;
				CLANG_WARN_OBJC_ROOT_CLASS = YES_ERROR;
				CLANG_WARN_QUOTED_INCLUDE_IN_FRAMEWORK_HEADER = YES;
				CLANG_WARN_RANGE_LOOP_ANALYSIS = YES;
				CLANG_WARN_STRICT_PROTOTYPES = YES;
				CLANG_WARN_SUSPICIOUS_MOVE = YES;
				CLANG_WARN_UNGUARDED_AVAILABILITY = YES_AGGRESSIVE;
				CLANG_WARN_UNREACHABLE_CODE = YES;
				CLANG_WARN__DUPLICATE_METHOD_MATCH = YES;
				COPY_PHASE_STRIP = NO;
				DEBUG_INFORMATION_FORMAT = "dwarf-with-dsym";
				ENABLE_NS_ASSERTIONS = NO;
				ENABLE_STRICT_OBJC_MSGSEND = YES;
				GCC_C_LANGUAGE_STANDARD = gnu11;
				GCC_NO_COMMON_BLOCKS = YES;
				GCC_WARN_64_TO_32_BIT_CONVERSION = YES;
				GCC_WARN_ABOUT_RETURN_TYPE = YES_ERROR;
				GCC_WARN_UNDECLARED_SELECTOR = YES;
				GCC_WARN_UNINITIALIZED_AUTOS = YES_AGGRESSIVE;
				GCC_WARN_UNUSED_FUNCTION = YES;
				GCC_WARN_UNUSED_VARIABLE = YES;
				IPHONEOS_DEPLOYMENT_TARGET = 16.4;
				MTL_ENABLE_DEBUG_INFO = NO;
				MTL_FAST_MATH = YES;
				SDKROOT = iphoneos;
				SWIFT_COMPILATION_MODE = wholemodule;
				SWIFT_OPTIMIZATION_LEVEL = "-O";
				VALIDATE_PRODUCT = YES;
			};
			name = Release;
		};
		8025F1F62A77F64B00EA331F /* Debug */ = {
			isa = XCBuildConfiguration;
			buildSettings = {
				ASSETCATALOG_COMPILER_APPICON_NAME = AppIcon;
				ASSETCATALOG_COMPILER_GLOBAL_ACCENT_COLOR_NAME = AccentColor;
				CODE_SIGN_STYLE = Automatic;
				CURRENT_PROJECT_VERSION = 1;
				DEVELOPMENT_TEAM = 936XSD7LYL;
				GENERATE_INFOPLIST_FILE = YES;
				INFOPLIST_FILE = HarmonyHub/Info.plist;
				INFOPLIST_KEY_UIApplicationSupportsIndirectInputEvents = YES;
				INFOPLIST_KEY_UILaunchStoryboardName = LaunchScreen;
				INFOPLIST_KEY_UISupportedInterfaceOrientations_iPad = "UIInterfaceOrientationPortrait UIInterfaceOrientationPortraitUpsideDown UIInterfaceOrientationLandscapeLeft UIInterfaceOrientationLandscapeRight";
				INFOPLIST_KEY_UISupportedInterfaceOrientations_iPhone = "UIInterfaceOrientationPortrait UIInterfaceOrientationLandscapeLeft UIInterfaceOrientationLandscapeRight";
				LD_RUNPATH_SEARCH_PATHS = (
					"$(inherited)",
					"@executable_path/Frameworks",
				);
				MARKETING_VERSION = 1.0;
				PRODUCT_BUNDLE_IDENTIFIER = ibrahimmbyrrm.HarmonyHub;
				PRODUCT_NAME = "$(TARGET_NAME)";
				SWIFT_EMIT_LOC_STRINGS = YES;
				SWIFT_VERSION = 5.0;
				TARGETED_DEVICE_FAMILY = "1,2";
			};
			name = Debug;
		};
		8025F1F72A77F64B00EA331F /* Release */ = {
			isa = XCBuildConfiguration;
			buildSettings = {
				ASSETCATALOG_COMPILER_APPICON_NAME = AppIcon;
				ASSETCATALOG_COMPILER_GLOBAL_ACCENT_COLOR_NAME = AccentColor;
				CODE_SIGN_STYLE = Automatic;
				CURRENT_PROJECT_VERSION = 1;
				DEVELOPMENT_TEAM = 936XSD7LYL;
				GENERATE_INFOPLIST_FILE = YES;
				INFOPLIST_FILE = HarmonyHub/Info.plist;
				INFOPLIST_KEY_UIApplicationSupportsIndirectInputEvents = YES;
				INFOPLIST_KEY_UILaunchStoryboardName = LaunchScreen;
				INFOPLIST_KEY_UISupportedInterfaceOrientations_iPad = "UIInterfaceOrientationPortrait UIInterfaceOrientationPortraitUpsideDown UIInterfaceOrientationLandscapeLeft UIInterfaceOrientationLandscapeRight";
				INFOPLIST_KEY_UISupportedInterfaceOrientations_iPhone = "UIInterfaceOrientationPortrait UIInterfaceOrientationLandscapeLeft UIInterfaceOrientationLandscapeRight";
				LD_RUNPATH_SEARCH_PATHS = (
					"$(inherited)",
					"@executable_path/Frameworks",
				);
				MARKETING_VERSION = 1.0;
				PRODUCT_BUNDLE_IDENTIFIER = ibrahimmbyrrm.HarmonyHub;
				PRODUCT_NAME = "$(TARGET_NAME)";
				SWIFT_EMIT_LOC_STRINGS = YES;
				SWIFT_VERSION = 5.0;
				TARGETED_DEVICE_FAMILY = "1,2";
			};
			name = Release;
		};
		8025F1F92A77F64B00EA331F /* Debug */ = {
			isa = XCBuildConfiguration;
			buildSettings = {
				ALWAYS_EMBED_SWIFT_STANDARD_LIBRARIES = YES;
				BUNDLE_LOADER = "$(TEST_HOST)";
				CODE_SIGN_STYLE = Automatic;
				CURRENT_PROJECT_VERSION = 1;
				DEVELOPMENT_TEAM = 936XSD7LYL;
				GENERATE_INFOPLIST_FILE = YES;
				IPHONEOS_DEPLOYMENT_TARGET = 16.4;
				MARKETING_VERSION = 1.0;
				PRODUCT_BUNDLE_IDENTIFIER = ibrahimmbyrrm.HarmonyHubTests;
				PRODUCT_NAME = "$(TARGET_NAME)";
				SWIFT_EMIT_LOC_STRINGS = NO;
				SWIFT_VERSION = 5.0;
				TARGETED_DEVICE_FAMILY = "1,2";
				TEST_HOST = "$(BUILT_PRODUCTS_DIR)/HarmonyHub.app/$(BUNDLE_EXECUTABLE_FOLDER_PATH)/HarmonyHub";
			};
			name = Debug;
		};
		8025F1FA2A77F64B00EA331F /* Release */ = {
			isa = XCBuildConfiguration;
			buildSettings = {
				ALWAYS_EMBED_SWIFT_STANDARD_LIBRARIES = YES;
				BUNDLE_LOADER = "$(TEST_HOST)";
				CODE_SIGN_STYLE = Automatic;
				CURRENT_PROJECT_VERSION = 1;
				DEVELOPMENT_TEAM = 936XSD7LYL;
				GENERATE_INFOPLIST_FILE = YES;
				IPHONEOS_DEPLOYMENT_TARGET = 16.4;
				MARKETING_VERSION = 1.0;
				PRODUCT_BUNDLE_IDENTIFIER = ibrahimmbyrrm.HarmonyHubTests;
				PRODUCT_NAME = "$(TARGET_NAME)";
				SWIFT_EMIT_LOC_STRINGS = NO;
				SWIFT_VERSION = 5.0;
				TARGETED_DEVICE_FAMILY = "1,2";
				TEST_HOST = "$(BUILT_PRODUCTS_DIR)/HarmonyHub.app/$(BUNDLE_EXECUTABLE_FOLDER_PATH)/HarmonyHub";
			};
			name = Release;
		};
		8025F1FC2A77F64B00EA331F /* Debug */ = {
			isa = XCBuildConfiguration;
			buildSettings = {
				ALWAYS_EMBED_SWIFT_STANDARD_LIBRARIES = YES;
				CODE_SIGN_STYLE = Automatic;
				CURRENT_PROJECT_VERSION = 1;
				DEVELOPMENT_TEAM = 936XSD7LYL;
				GENERATE_INFOPLIST_FILE = YES;
				MARKETING_VERSION = 1.0;
				PRODUCT_BUNDLE_IDENTIFIER = ibrahimmbyrrm.HarmonyHubUITests;
				PRODUCT_NAME = "$(TARGET_NAME)";
				SWIFT_EMIT_LOC_STRINGS = NO;
				SWIFT_VERSION = 5.0;
				TARGETED_DEVICE_FAMILY = "1,2";
				TEST_TARGET_NAME = HarmonyHub;
			};
			name = Debug;
		};
		8025F1FD2A77F64B00EA331F /* Release */ = {
			isa = XCBuildConfiguration;
			buildSettings = {
				ALWAYS_EMBED_SWIFT_STANDARD_LIBRARIES = YES;
				CODE_SIGN_STYLE = Automatic;
				CURRENT_PROJECT_VERSION = 1;
				DEVELOPMENT_TEAM = 936XSD7LYL;
				GENERATE_INFOPLIST_FILE = YES;
				MARKETING_VERSION = 1.0;
				PRODUCT_BUNDLE_IDENTIFIER = ibrahimmbyrrm.HarmonyHubUITests;
				PRODUCT_NAME = "$(TARGET_NAME)";
				SWIFT_EMIT_LOC_STRINGS = NO;
				SWIFT_VERSION = 5.0;
				TARGETED_DEVICE_FAMILY = "1,2";
				TEST_TARGET_NAME = HarmonyHub;
			};
			name = Release;
		};
/* End XCBuildConfiguration section */

/* Begin XCConfigurationList section */
		8025F1C62A77F64900EA331F /* Build configuration list for PBXProject "HarmonyHub" */ = {
			isa = XCConfigurationList;
			buildConfigurations = (
				8025F1F32A77F64B00EA331F /* Debug */,
				8025F1F42A77F64B00EA331F /* Release */,
			);
			defaultConfigurationIsVisible = 0;
			defaultConfigurationName = Release;
		};
		8025F1F52A77F64B00EA331F /* Build configuration list for PBXNativeTarget "HarmonyHub" */ = {
			isa = XCConfigurationList;
			buildConfigurations = (
				8025F1F62A77F64B00EA331F /* Debug */,
				8025F1F72A77F64B00EA331F /* Release */,
			);
			defaultConfigurationIsVisible = 0;
			defaultConfigurationName = Release;
		};
		8025F1F82A77F64B00EA331F /* Build configuration list for PBXNativeTarget "HarmonyHubTests" */ = {
			isa = XCConfigurationList;
			buildConfigurations = (
				8025F1F92A77F64B00EA331F /* Debug */,
				8025F1FA2A77F64B00EA331F /* Release */,
			);
			defaultConfigurationIsVisible = 0;
			defaultConfigurationName = Release;
		};
		8025F1FB2A77F64B00EA331F /* Build configuration list for PBXNativeTarget "HarmonyHubUITests" */ = {
			isa = XCConfigurationList;
			buildConfigurations = (
				8025F1FC2A77F64B00EA331F /* Debug */,
				8025F1FD2A77F64B00EA331F /* Release */,
			);
			defaultConfigurationIsVisible = 0;
			defaultConfigurationName = Release;
		};
/* End XCConfigurationList section */

/* Begin XCRemoteSwiftPackageReference section */
		8025F2102A77FD7600EA331F /* XCRemoteSwiftPackageReference "SnapKit" */ = {
			isa = XCRemoteSwiftPackageReference;
			repositoryURL = "https://github.com/SnapKit/SnapKit.git";
			requirement = {
				kind = upToNextMajorVersion;
				minimumVersion = 5.0.0;
			};
		};
		8025F2222A7866AB00EA331F /* XCRemoteSwiftPackageReference "Kingfisher" */ = {
			isa = XCRemoteSwiftPackageReference;
			repositoryURL = "https://github.com/onevcat/Kingfisher";
			requirement = {
				kind = upToNextMajorVersion;
				minimumVersion = 7.0.0;
			};
		};
		8025F2292A78FED900EA331F /* XCRemoteSwiftPackageReference "Alamofire" */ = {
			isa = XCRemoteSwiftPackageReference;
			repositoryURL = "https://github.com/Alamofire/Alamofire";
			requirement = {
				kind = upToNextMajorVersion;
				minimumVersion = 5.0.0;
			};
		};
/* End XCRemoteSwiftPackageReference section */

/* Begin XCSwiftPackageProductDependency section */
		8025F2112A77FD7600EA331F /* SnapKit */ = {
			isa = XCSwiftPackageProductDependency;
			package = 8025F2102A77FD7600EA331F /* XCRemoteSwiftPackageReference "SnapKit" */;
			productName = SnapKit;
		};
		8025F2232A7866AB00EA331F /* Kingfisher */ = {
			isa = XCSwiftPackageProductDependency;
			package = 8025F2222A7866AB00EA331F /* XCRemoteSwiftPackageReference "Kingfisher" */;
			productName = Kingfisher;
		};
		8025F22A2A78FED900EA331F /* Alamofire */ = {
			isa = XCSwiftPackageProductDependency;
			package = 8025F2292A78FED900EA331F /* XCRemoteSwiftPackageReference "Alamofire" */;
			productName = Alamofire;
		};
/* End XCSwiftPackageProductDependency section */
	};
	rootObject = 8025F1C32A77F64900EA331F /* Project object */;
}
